[root]
name = "jsonrpc-core"
version = "1.1.1"
dependencies = [
 "serde 0.6.12 (registry+https://github.com/rust-lang/crates.io-index)",
 "serde_json 0.6.0 (registry+https://github.com/rust-lang/crates.io-index)",
 "serde_macros 0.6.13 (git+https://github.com/debris/serde)",
]

[[package]]
name = "aster"
version = "0.12.0"
source = "registry+https://github.com/rust-lang/crates.io-index"

[[package]]
name = "libc"
version = "0.2.7"
source = "registry+https://github.com/rust-lang/crates.io-index"

[[package]]
name = "num"
version = "0.1.30"
source = "registry+https://github.com/rust-lang/crates.io-index"
dependencies = [
 "rand 0.3.14 (registry+https://github.com/rust-lang/crates.io-index)",
 "rustc-serialize 0.3.18 (registry+https://github.com/rust-lang/crates.io-index)",
]

[[package]]
name = "quasi"
version = "0.6.0"
source = "registry+https://github.com/rust-lang/crates.io-index"

[[package]]
name = "quasi_codegen"
version = "0.6.0"
source = "registry+https://github.com/rust-lang/crates.io-index"
dependencies = [
 "aster 0.12.0 (registry+https://github.com/rust-lang/crates.io-index)",
]

[[package]]
name = "quasi_macros"
version = "0.6.0"
source = "registry+https://github.com/rust-lang/crates.io-index"
dependencies = [
 "quasi_codegen 0.6.0 (registry+https://github.com/rust-lang/crates.io-index)",
]

[[package]]
name = "rand"
version = "0.3.14"
source = "registry+https://github.com/rust-lang/crates.io-index"
dependencies = [
 "libc 0.2.7 (registry+https://github.com/rust-lang/crates.io-index)",
]

[[package]]
name = "rustc-serialize"
version = "0.3.18"
source = "registry+https://github.com/rust-lang/crates.io-index"

[[package]]
name = "serde"
version = "0.6.12"
source = "registry+https://github.com/rust-lang/crates.io-index"
dependencies = [
 "num 0.1.30 (registry+https://github.com/rust-lang/crates.io-index)",
]

[[package]]
name = "serde_codegen"
version = "0.6.13"
source = "git+https://github.com/debris/serde#f1fcd7ed1f3f610c7df0ede2a6928fbc05cf4efb"
dependencies = [
 "aster 0.12.0 (registry+https://github.com/rust-lang/crates.io-index)",
 "quasi 0.6.0 (registry+https://github.com/rust-lang/crates.io-index)",
 "quasi_macros 0.6.0 (registry+https://github.com/rust-lang/crates.io-index)",
]

[[package]]
name = "serde_json"
version = "0.6.0"
source = "registry+https://github.com/rust-lang/crates.io-index"
dependencies = [
 "num 0.1.30 (registry+https://github.com/rust-lang/crates.io-index)",
 "serde 0.6.12 (registry+https://github.com/rust-lang/crates.io-index)",
]

[[package]]
name = "serde_macros"
version = "0.6.13"
source = "git+https://github.com/debris/serde#f1fcd7ed1f3f610c7df0ede2a6928fbc05cf4efb"
dependencies = [
 "serde_codegen 0.6.13 (git+https://github.com/debris/serde)",
]

